{
    "version": 3,
    "terraform_version": "0.11.13",
    "serial": 1,
    "lineage": "8c5c1e60-8cf0-9c01-03fb-72129485f416",
    "modules": [
        {
            "path": [
                "root"
            ],
            "outputs": {},
            "resources": {
                "data.oci_containerengine_cluster_kube_config.cluster_kube_config": {
                    "type": "oci_containerengine_cluster_kube_config",
                    "depends_on": [
                        "oci_containerengine_cluster.cluster"
                    ],
                    "primary": {
                        "id": "2019-08-07 05:27:32.188085127 +0000 UTC",
                        "attributes": {
                            "cluster_id": "ocid1.cluster.oc1.phx.aaaaaaaaafstgnldmnqtgztegm2wemrqgazgmmtcgm3tgodfhcqtkyzwg44d",
                            "content": "apiVersion: v1\nclusters:\n- cluster:\n    certificate-authority-data: LS0tLS1CRUdJTiBDRVJUSUZJQ0FURS0tLS0tCk1JSURqRENDQW5TZ0F3SUJBZ0lVRzVXTHVFbTZBR1Y5OE1DeW9iOEl5RmYxekNvd0RRWUpLb1pJaHZjTkFRRUwKQlFBd1hqRUxNQWtHQTFVRUJoTUNWVk14RGpBTUJnTlZCQWdUQlZSbGVHRnpNUTh3RFFZRFZRUUhFd1pCZFhOMAphVzR4RHpBTkJnTlZCQW9UQms5eVlXTnNaVEVNTUFvR0ExVUVDeE1EVDBSWU1ROHdEUVlEVlFRREV3WkxPRk1nClEwRXdIaGNOTVRrd09EQTNNRFV4TnpBd1doY05NalF3T0RBMU1EVXhOekF3V2pCZU1Rc3dDUVlEVlFRR0V3SlYKVXpFT01Bd0dBMVVFQ0JNRlZHVjRZWE14RHpBTkJnTlZCQWNUQmtGMWMzUnBiakVQTUEwR0ExVUVDaE1HVDNKaApZMnhsTVF3d0NnWURWUVFMRXdOUFJGZ3hEekFOQmdOVkJBTVRCa3M0VXlCRFFUQ0NBU0l3RFFZSktvWklodmNOCkFRRUJCUUFEZ2dFUEFEQ0NBUW9DZ2dFQkFNelc1WWtIMVdBZllRN0ZHT2JPQzJFbDVrdUlGMHliTVE2UXRPbk4KblFiMWhrWWVUTWdlQXljdUw1QUlUZjk0VTJZdkloTE1ZNnBsR3dsUWZEZDNLMjhpWnBxMENUdmgyaU1LNzdoUApmWjBHSzhLRVJ5MFpVT2FnTUIwd1VOcFQ3L1NwZlR2RVAya1p3Ni8vL1dPVzlwZXUyTFZNb2o5Z2FUY3ZOYVROCjRFY1VWeFUwQTVFSW8rbjhqR1l3TDBoZjl5SWZsbUZxNHptbTRmSHZaVHpmV2dCZ1RPQjVhdDB6TDF5QzVrU3QKL2xxeTZWb0xBTUp3dndUVVZIRzZ1eTRBczBNQ3RYVDQ1R0VybVJWTVo5VUdqK0NjUE1ua2wwU1Z6YUVxUU9POQpFL2lLMlhGZ0ovT00vZjJUdEdYYXlhUXBLeDRyKzJZZ08wSmt5NU9wTGVoam5HRUNBd0VBQWFOQ01FQXdEZ1lEClZSMFBBUUgvQkFRREFnRUdNQThHQTFVZEV3RUIvd1FGTUFNQkFmOHdIUVlEVlIwT0JCWUVGQnovTWc5YVNFTUwKZ2NEeE1aclg1c0piK1VqM01BMEdDU3FHU0liM0RRRUJDd1VBQTRJQkFRQnJsZ0FsTWlxVEkxeGRuWnpseFA4cgpOTnVHZ3dLTzZuTUp5RFZkMW0zdi9sMWRDUm43eVpsckhDQkZPakdjejZRR1cxQ2tmMmo4YUlDQ0pidnJERGdXCmJYdW5mWlNVWUlwQ1J0enFvVUxTM2xidGxrZ3V0R0xJV1RucjhDTTR4SGVLeEpha2FTb1Q3c2pFMkNsUWNmRlEKczlNamFSUmVxbG1kc05kUC9CdjZERUMzNkNXa1dsUEcwN01LVWxITWJKN05sOGNPaG96eXcxYmp0VFNrVXpaeQpnUzJFWlVnSnF4TU94MzgxSWZTdmZWZHZNTHl2aG5HSzUzaE03WXk2RXJUbFhIblZwUWlGZEpUbEczVkJQanRPClhyRDc4dURvTnJPak9OZFJCemZRdWpyNzUxdXhvSEdwZVJUazdjbC9PTng2d0RZMmwyWHdjYm5hN04vcFJhVlYKLS0tLS1FTkQgQ0VSVElGSUNBVEUtLS0tLQo=\n    server: https://cqtkyzwg44d.us-phoenix-1.clusters.oci.oraclecloud.com:6443\n  name: cluster-cqtkyzwg44d\ncontexts:\n- context:\n    cluster: cluster-cqtkyzwg44d\n    user: user-cqtkyzwg44d\n  name: context-cqtkyzwg44d\ncurrent-context: context-cqtkyzwg44d\nkind: \"\"\nusers:\n- name: user-cqtkyzwg44d\n  user:\n    token: eyJoZWFkZXIiOnsiQXV0aG9yaXphdGlvbiI6WyJTaWduYXR1cmUgdmVyc2lvbj1cIjFcIixoZWFkZXJzPVwiZGF0ZSAocmVxdWVzdC10YXJnZXQpIGhvc3QgY29udGVudC1sZW5ndGggY29udGVudC10eXBlIHgtY29udGVudC1zaGEyNTZcIixrZXlJZD1cIm9jaWQxLnRlbmFuY3kub2MxLi5hYWFhYWFhYTZreGJuM3J6N2N2M2w1cmJmNW52a3B0dTJrN2x5M3d3Z3FzbWZvd29ua2JneXAyNjI2N3Evb2NpZDEudXNlci5vYzEuLmFhYWFhYWFhZ2dzZ2IyZmxsM2tqNmV4aGJqMjRjb2E2Z3VveTZydG56Zmc3NDczZmYzMnBsaWhtY3FqcS80MDpiNToxMjplNzo0YzozOToyMzozYTpiZjo5NDplMjo0MjphMjo0NDo5OTpmZVwiLGFsZ29yaXRobT1cInJzYS1zaGEyNTZcIixzaWduYXR1cmU9XCJGVWd5eHU0QnVVbXg3MnUwSFVDSk1peWdWODFQQkpyVWZMaHl3UFIyYnVIb001dklYQXV3dC9JWjFkWVRQbHlMN2JwZENGL2xZbnZueWU2TnF6ZkJqWkxBb2ZoK1VDcG5XdUp0WUlmeDNmSmlZTGMzMTlaWmhObjRNTDFzL3VWM2NPWHhiQlE0bnhPWkx1QmxmZlJGMWxIUlMyaS9pdlo3NWVJSmxiT0RheTFWVkhCcXYvU2FJaE4zMWNzQitaYWNkUVJPZWcxcGw5NXdweDlpK2RvYWd3Zm1MSmpqV2Ezdk1ZeEpTczhRUXZPQ3RoMzd2UVhmS2l3OGJEeG9taUhMTS9rT3h4N3krN3BoVDFvb0JYYmR0aHVhOXE4TmVmVEl3Zk5zN0ZLdkVXQkkrbjlGOGFrOUl4TU9VL3NsZHRtZVNESHNDVzZvYlE3N3plSERrWHVub1E9PVwiIl0sIkNvbnRlbnQtTGVuZ3RoIjpbIjQ1Il0sIkNvbnRlbnQtVHlwZSI6WyJhcHBsaWNhdGlvbi9qc29uIl0sIkRhdGUiOlsiV2VkLCAwNyBBdWcgMjAxOSAwNToyNzozMSBHTVQiXSwiWC1Db250ZW50LVNoYTI1NiI6WyI4NFV5K2ZNUFZ4S2hKcTVLME1TSk1FSHEwUVg5dmxyNVhqNnhPNDk4UUtJPSJdfSwiYm9keSI6eyJ0b2tlblZlcnNpb24iOiIxLjAuMCIsImV4cGlyYXRpb24iOjI1OTIwMDB9LCJob3N0IjoiY29udGFpbmVyZW5naW5lLnVzLXBob2VuaXgtMS5vcmFjbGVjbG91ZC5jb20iLCJyZXF1ZXN0X3VyaSI6Ii8yMDE4MDIyMi9jbHVzdGVycy9vY2lkMS5jbHVzdGVyLm9jMS5waHguYWFhYWFhYWFhZnN0Z25sZG1ucXRnenRlZ20yd2VtcnFnYXpnbW10Y2dtM3Rnb2RmaGNxdGt5endnNDRkL2t1YmVjb25maWcvY29udGVudCJ9\n",
                            "expiration": "2592000",
                            "id": "2019-08-07 05:27:32.188085127 +0000 UTC",
                            "token_version": "1.0.0"
                        },
                        "meta": {},
                        "tainted": false
                    },
                    "deposed": [],
                    "provider": "provider.oci"
                },
                "data.oci_containerengine_cluster_option.OKE_cluster_option": {
                    "type": "oci_containerengine_cluster_option",
                    "depends_on": [],
                    "primary": {
                        "id": "2019-08-07 05:21:10.38424099 +0000 UTC",
                        "attributes": {
                            "cluster_option_id": "all",
                            "id": "2019-08-07 05:21:10.38424099 +0000 UTC",
                            "kubernetes_versions.#": "3",
                            "kubernetes_versions.0": "v1.11.9",
                            "kubernetes_versions.1": "v1.12.7",
                            "kubernetes_versions.2": "v1.13.5"
                        },
                        "meta": {},
                        "tainted": false
                    },
                    "deposed": [],
                    "provider": "provider.oci"
                },
                "data.oci_containerengine_node_pool_option.OKE_node_pool_option": {
                    "type": "oci_containerengine_node_pool_option",
                    "depends_on": [],
                    "primary": {
                        "id": "2019-08-07 05:21:10.608258448 +0000 UTC",
                        "attributes": {
                            "id": "2019-08-07 05:21:10.608258448 +0000 UTC",
                            "images.#": "3",
                            "images.0": "Oracle-Linux-7.4",
                            "images.1": "Oracle-Linux-7.5",
                            "images.2": "Oracle-Linux-7.6",
                            "kubernetes_versions.#": "3",
                            "kubernetes_versions.0": "v1.11.9",
                            "kubernetes_versions.1": "v1.12.7",
                            "kubernetes_versions.2": "v1.13.5",
                            "node_pool_option_id": "all",
                            "shapes.#": "17",
                            "shapes.0": "BM.Standard2.52",
                            "shapes.1": "BM.DenseIO2.52",
                            "shapes.10": "VM.DenseIO2.16",
                            "shapes.11": "VM.DenseIO2.24",
                            "shapes.12": "VM.Standard1.1",
                            "shapes.13": "VM.Standard1.2",
                            "shapes.14": "VM.Standard1.4",
                            "shapes.15": "VM.Standard1.8",
                            "shapes.16": "VM.Standard1.16",
                            "shapes.2": "BM.Standard1.36",
                            "shapes.3": "VM.Standard2.1",
                            "shapes.4": "VM.Standard2.2",
                            "shapes.5": "VM.Standard2.4",
                            "shapes.6": "VM.Standard2.8",
                            "shapes.7": "VM.Standard2.16",
                            "shapes.8": "VM.Standard2.24",
                            "shapes.9": "VM.DenseIO2.8"
                        },
                        "meta": {},
                        "tainted": false
                    },
                    "deposed": [],
                    "provider": "provider.oci"
                },
                "data.oci_identity_availability_domains.availability_domains": {
                    "type": "oci_identity_availability_domains",
                    "depends_on": [],
                    "primary": {
                        "id": "2019-08-07 05:21:10.446926651 +0000 UTC",
                        "attributes": {
                            "availability_domains.#": "3",
                            "availability_domains.0.compartment_id": "ocid1.compartment.oc1..aaaaaaaag4otvjvl3zo6jyzlevoycc5bqtst5uwixlpztaxlovm2fudabqnq",
                            "availability_domains.0.id": "ocid1.availabilitydomain.oc1..aaaaaaaaupx7ga46w4xbb3fnkoh7rtyumacyb3ek6bw7bt3qff3mgt3mbrlq",
                            "availability_domains.0.name": "dvrw:PHX-AD-1",
                            "availability_domains.1.compartment_id": "ocid1.compartment.oc1..aaaaaaaag4otvjvl3zo6jyzlevoycc5bqtst5uwixlpztaxlovm2fudabqnq",
                            "availability_domains.1.id": "ocid1.availabilitydomain.oc1..aaaaaaaakemzo4ywaynz573sk4jpvwuqi7vmcuxajxfv4jjj2pthez3j2hbq",
                            "availability_domains.1.name": "dvrw:PHX-AD-2",
                            "availability_domains.2.compartment_id": "ocid1.compartment.oc1..aaaaaaaag4otvjvl3zo6jyzlevoycc5bqtst5uwixlpztaxlovm2fudabqnq",
                            "availability_domains.2.id": "ocid1.availabilitydomain.oc1..aaaaaaaac7uydq54rcymamzauv5pd23qk2g2vqlrfu5jd3y6i6qxpvvzkf7a",
                            "availability_domains.2.name": "dvrw:PHX-AD-3",
                            "compartment_id": "ocid1.compartment.oc1..aaaaaaaag4otvjvl3zo6jyzlevoycc5bqtst5uwixlpztaxlovm2fudabqnq",
                            "id": "2019-08-07 05:21:10.446926651 +0000 UTC"
                        },
                        "meta": {},
                        "tainted": false
                    },
                    "deposed": [],
                    "provider": "provider.oci"
                },
                "local_file.cluster_kube_config_file": {
                    "type": "local_file",
                    "depends_on": [
                        "data.oci_containerengine_cluster_kube_config.cluster_kube_config"
                    ],
                    "primary": {
                        "id": "02382c9aad8f17a14616ee01343f1be01818598b",
                        "attributes": {
                            "content": "apiVersion: v1\nclusters:\n- cluster:\n    certificate-authority-data: LS0tLS1CRUdJTiBDRVJUSUZJQ0FURS0tLS0tCk1JSURqRENDQW5TZ0F3SUJBZ0lVRzVXTHVFbTZBR1Y5OE1DeW9iOEl5RmYxekNvd0RRWUpLb1pJaHZjTkFRRUwKQlFBd1hqRUxNQWtHQTFVRUJoTUNWVk14RGpBTUJnTlZCQWdUQlZSbGVHRnpNUTh3RFFZRFZRUUhFd1pCZFhOMAphVzR4RHpBTkJnTlZCQW9UQms5eVlXTnNaVEVNTUFvR0ExVUVDeE1EVDBSWU1ROHdEUVlEVlFRREV3WkxPRk1nClEwRXdIaGNOTVRrd09EQTNNRFV4TnpBd1doY05NalF3T0RBMU1EVXhOekF3V2pCZU1Rc3dDUVlEVlFRR0V3SlYKVXpFT01Bd0dBMVVFQ0JNRlZHVjRZWE14RHpBTkJnTlZCQWNUQmtGMWMzUnBiakVQTUEwR0ExVUVDaE1HVDNKaApZMnhsTVF3d0NnWURWUVFMRXdOUFJGZ3hEekFOQmdOVkJBTVRCa3M0VXlCRFFUQ0NBU0l3RFFZSktvWklodmNOCkFRRUJCUUFEZ2dFUEFEQ0NBUW9DZ2dFQkFNelc1WWtIMVdBZllRN0ZHT2JPQzJFbDVrdUlGMHliTVE2UXRPbk4KblFiMWhrWWVUTWdlQXljdUw1QUlUZjk0VTJZdkloTE1ZNnBsR3dsUWZEZDNLMjhpWnBxMENUdmgyaU1LNzdoUApmWjBHSzhLRVJ5MFpVT2FnTUIwd1VOcFQ3L1NwZlR2RVAya1p3Ni8vL1dPVzlwZXUyTFZNb2o5Z2FUY3ZOYVROCjRFY1VWeFUwQTVFSW8rbjhqR1l3TDBoZjl5SWZsbUZxNHptbTRmSHZaVHpmV2dCZ1RPQjVhdDB6TDF5QzVrU3QKL2xxeTZWb0xBTUp3dndUVVZIRzZ1eTRBczBNQ3RYVDQ1R0VybVJWTVo5VUdqK0NjUE1ua2wwU1Z6YUVxUU9POQpFL2lLMlhGZ0ovT00vZjJUdEdYYXlhUXBLeDRyKzJZZ08wSmt5NU9wTGVoam5HRUNBd0VBQWFOQ01FQXdEZ1lEClZSMFBBUUgvQkFRREFnRUdNQThHQTFVZEV3RUIvd1FGTUFNQkFmOHdIUVlEVlIwT0JCWUVGQnovTWc5YVNFTUwKZ2NEeE1aclg1c0piK1VqM01BMEdDU3FHU0liM0RRRUJDd1VBQTRJQkFRQnJsZ0FsTWlxVEkxeGRuWnpseFA4cgpOTnVHZ3dLTzZuTUp5RFZkMW0zdi9sMWRDUm43eVpsckhDQkZPakdjejZRR1cxQ2tmMmo4YUlDQ0pidnJERGdXCmJYdW5mWlNVWUlwQ1J0enFvVUxTM2xidGxrZ3V0R0xJV1RucjhDTTR4SGVLeEpha2FTb1Q3c2pFMkNsUWNmRlEKczlNamFSUmVxbG1kc05kUC9CdjZERUMzNkNXa1dsUEcwN01LVWxITWJKN05sOGNPaG96eXcxYmp0VFNrVXpaeQpnUzJFWlVnSnF4TU94MzgxSWZTdmZWZHZNTHl2aG5HSzUzaE03WXk2RXJUbFhIblZwUWlGZEpUbEczVkJQanRPClhyRDc4dURvTnJPak9OZFJCemZRdWpyNzUxdXhvSEdwZVJUazdjbC9PTng2d0RZMmwyWHdjYm5hN04vcFJhVlYKLS0tLS1FTkQgQ0VSVElGSUNBVEUtLS0tLQo=\n    server: https://cqtkyzwg44d.us-phoenix-1.clusters.oci.oraclecloud.com:6443\n  name: cluster-cqtkyzwg44d\ncontexts:\n- context:\n    cluster: cluster-cqtkyzwg44d\n    user: user-cqtkyzwg44d\n  name: context-cqtkyzwg44d\ncurrent-context: context-cqtkyzwg44d\nkind: \"\"\nusers:\n- name: user-cqtkyzwg44d\n  user:\n    token: eyJoZWFkZXIiOnsiQXV0aG9yaXphdGlvbiI6WyJTaWduYXR1cmUgdmVyc2lvbj1cIjFcIixoZWFkZXJzPVwiZGF0ZSAocmVxdWVzdC10YXJnZXQpIGhvc3QgY29udGVudC1sZW5ndGggY29udGVudC10eXBlIHgtY29udGVudC1zaGEyNTZcIixrZXlJZD1cIm9jaWQxLnRlbmFuY3kub2MxLi5hYWFhYWFhYTZreGJuM3J6N2N2M2w1cmJmNW52a3B0dTJrN2x5M3d3Z3FzbWZvd29ua2JneXAyNjI2N3Evb2NpZDEudXNlci5vYzEuLmFhYWFhYWFhZ2dzZ2IyZmxsM2tqNmV4aGJqMjRjb2E2Z3VveTZydG56Zmc3NDczZmYzMnBsaWhtY3FqcS80MDpiNToxMjplNzo0YzozOToyMzozYTpiZjo5NDplMjo0MjphMjo0NDo5OTpmZVwiLGFsZ29yaXRobT1cInJzYS1zaGEyNTZcIixzaWduYXR1cmU9XCJGVWd5eHU0QnVVbXg3MnUwSFVDSk1peWdWODFQQkpyVWZMaHl3UFIyYnVIb001dklYQXV3dC9JWjFkWVRQbHlMN2JwZENGL2xZbnZueWU2TnF6ZkJqWkxBb2ZoK1VDcG5XdUp0WUlmeDNmSmlZTGMzMTlaWmhObjRNTDFzL3VWM2NPWHhiQlE0bnhPWkx1QmxmZlJGMWxIUlMyaS9pdlo3NWVJSmxiT0RheTFWVkhCcXYvU2FJaE4zMWNzQitaYWNkUVJPZWcxcGw5NXdweDlpK2RvYWd3Zm1MSmpqV2Ezdk1ZeEpTczhRUXZPQ3RoMzd2UVhmS2l3OGJEeG9taUhMTS9rT3h4N3krN3BoVDFvb0JYYmR0aHVhOXE4TmVmVEl3Zk5zN0ZLdkVXQkkrbjlGOGFrOUl4TU9VL3NsZHRtZVNESHNDVzZvYlE3N3plSERrWHVub1E9PVwiIl0sIkNvbnRlbnQtTGVuZ3RoIjpbIjQ1Il0sIkNvbnRlbnQtVHlwZSI6WyJhcHBsaWNhdGlvbi9qc29uIl0sIkRhdGUiOlsiV2VkLCAwNyBBdWcgMjAxOSAwNToyNzozMSBHTVQiXSwiWC1Db250ZW50LVNoYTI1NiI6WyI4NFV5K2ZNUFZ4S2hKcTVLME1TSk1FSHEwUVg5dmxyNVhqNnhPNDk4UUtJPSJdfSwiYm9keSI6eyJ0b2tlblZlcnNpb24iOiIxLjAuMCIsImV4cGlyYXRpb24iOjI1OTIwMDB9LCJob3N0IjoiY29udGFpbmVyZW5naW5lLnVzLXBob2VuaXgtMS5vcmFjbGVjbG91ZC5jb20iLCJyZXF1ZXN0X3VyaSI6Ii8yMDE4MDIyMi9jbHVzdGVycy9vY2lkMS5jbHVzdGVyLm9jMS5waHguYWFhYWFhYWFhZnN0Z25sZG1ucXRnenRlZ20yd2VtcnFnYXpnbW10Y2dtM3Rnb2RmaGNxdGt5endnNDRkL2t1YmVjb25maWcvY29udGVudCJ9\n",
                            "filename": "config",
                            "id": "02382c9aad8f17a14616ee01343f1be01818598b"
                        },
                        "meta": {},
                        "tainted": false
                    },
                    "deposed": [],
                    "provider": "provider.local"
                },
                "oci_containerengine_cluster.cluster": {
                    "type": "oci_containerengine_cluster",
                    "depends_on": [
                        "data.oci_containerengine_cluster_option.OKE_cluster_option",
                        "oci_core_subnet.lbsubnet0",
                        "oci_core_subnet.lbsubnet1",
                        "oci_core_virtual_network.virtual_network"
                    ],
                    "primary": {
                        "id": "ocid1.cluster.oc1.phx.aaaaaaaaafstgnldmnqtgztegm2wemrqgazgmmtcgm3tgodfhcqtkyzwg44d",
                        "attributes": {
                            "available_kubernetes_upgrades.#": "2",
                            "available_kubernetes_upgrades.0": "v1.12.7",
                            "available_kubernetes_upgrades.1": "v1.13.5",
                            "compartment_id": "ocid1.compartment.oc1..aaaaaaaag4otvjvl3zo6jyzlevoycc5bqtst5uwixlpztaxlovm2fudabqnq",
                            "endpoints.#": "1",
                            "endpoints.0.kubernetes": "cqtkyzwg44d.us-phoenix-1.clusters.oci.oraclecloud.com:6443",
                            "id": "ocid1.cluster.oc1.phx.aaaaaaaaafstgnldmnqtgztegm2wemrqgazgmmtcgm3tgodfhcqtkyzwg44d",
                            "kubernetes_version": "v1.11.9",
                            "lifecycle_details": "",
                            "metadata.#": "1",
                            "metadata.0.created_by_user_id": "ocid1.user.oc1..aaaaaaaaggsgb2fll3kj6exhbj24coa6guoy6rtnzfg7473ff32plihmcqjq",
                            "metadata.0.created_by_work_request_id": "ocid1.clustersworkrequest.oc1.phx.aaaaaaaaae2dozrrgi2gcmrugi2gizrzgjstenlegrsdsmbqgw3wgzdcmmzt",
                            "metadata.0.deleted_by_user_id": "",
                            "metadata.0.deleted_by_work_request_id": "",
                            "metadata.0.time_created": "2019-08-07 05:21:15 +0000 UTC",
                            "metadata.0.time_deleted": "",
                            "metadata.0.time_updated": "",
                            "metadata.0.updated_by_user_id": "",
                            "metadata.0.updated_by_work_request_id": "",
                            "name": "OKE",
                            "options.#": "1",
                            "options.0.add_ons.#": "1",
                            "options.0.add_ons.0.is_kubernetes_dashboard_enabled": "true",
                            "options.0.add_ons.0.is_tiller_enabled": "true",
                            "options.0.kubernetes_network_config.#": "1",
                            "options.0.kubernetes_network_config.0.pods_cidr": "10.244.0.0/16",
                            "options.0.kubernetes_network_config.0.services_cidr": "10.96.0.0/16",
                            "options.0.service_lb_subnet_ids.#": "2",
                            "options.0.service_lb_subnet_ids.0": "ocid1.subnet.oc1.phx.aaaaaaaachq46wbt334abezzws65eb4usuciyzrjvqxo4qoznfnrisowafyq",
                            "options.0.service_lb_subnet_ids.1": "ocid1.subnet.oc1.phx.aaaaaaaa7r5v23ivdshvgaeeta3koqu4u2jvllzvtrtbfldgrugarhyuajha",
                            "state": "ACTIVE",
                            "vcn_id": "ocid1.vcn.oc1.phx.aaaaaaaaq3vc54e37nap3uv3n4gzwxxhwymtodeoi2dtwzbjokiwvcauekzq"
                        },
                        "meta": {
                            "e2bfb730-ecaa-11e6-8f88-34363bc7c4c0": {
                                "create": 3600000000000,
                                "delete": 3600000000000,
                                "update": 3600000000000
                            }
                        },
                        "tainted": false
                    },
                    "deposed": [],
                    "provider": "provider.oci"
                },
                "oci_containerengine_node_pool.node_pool": {
                    "type": "oci_containerengine_node_pool",
                    "depends_on": [
                        "data.oci_containerengine_node_pool_option.OKE_node_pool_option",
                        "oci_containerengine_cluster.cluster",
                        "oci_core_subnet.subnet0",
                        "oci_core_subnet.subnet1",
                        "oci_core_subnet.subnet2"
                    ],
                    "primary": {
                        "id": "ocid1.nodepool.oc1.phx.aaaaaaaaaftdkyztgm4diylbga2gczrymrrwiyrtgm2tey3cgnztcnbwg4yw",
                        "attributes": {
                            "cluster_id": "ocid1.cluster.oc1.phx.aaaaaaaaafstgnldmnqtgztegm2wemrqgazgmmtcgm3tgodfhcqtkyzwg44d",
                            "compartment_id": "ocid1.compartment.oc1..aaaaaaaag4otvjvl3zo6jyzlevoycc5bqtst5uwixlpztaxlovm2fudabqnq",
                            "id": "ocid1.nodepool.oc1.phx.aaaaaaaaaftdkyztgm4diylbga2gczrymrrwiyrtgm2tey3cgnztcnbwg4yw",
                            "initial_node_labels.#": "0",
                            "kubernetes_version": "v1.11.9",
                            "name": "OKE",
                            "node_image_id": "ocid1.image.oc1.phx.aaaaaaaa5b5tbfa4qkmu5fkm2m4aaluaqu73f32peylcjhs3vaglu6e223yq",
                            "node_image_name": "Oracle-Linux-7.6",
                            "node_metadata.%": "0",
                            "node_shape": "VM.Standard2.2",
                            "nodes.#": "0",
                            "quantity_per_subnet": "1",
                            "ssh_public_key": "ssh-rsa AAAAB3NzaC1yc2EAAAADAQABAAABAQDAylEiTXJ2Kjr3oj4zpUG/7tFeLy81qN3ysI/g7gERzwYLEVkI4ZQAf3Ur0skJ70I/1wvB/o0tTZ5SLUYVajbCnBCW4wZ9reAoUkz982WhzlmvugaARK+nHEMzxaR9cRYdj8gvkUsJItFYuBOsQ2gHtokSmtHcIk8uYR5SRa08S3Ejoyk/Cpr6HQCKquLfPJqJbHLwineF8U4B7VkOGzkFBfGg+XqAiKn1g2mU4B5tkfU+G2UUzMlaM3gzdzs74XZ5m6eujZjHNp7hKEgp2PvuBRDTyhRwmwj4A13/DBxHPic45xssIt6KxLmegA0OQ1rn7Fiy5I5e+Zn3OoYMUORd opc@javaociinstance\n",
                            "subnet_ids.#": "3",
                            "subnet_ids.1577526403": "ocid1.subnet.oc1.phx.aaaaaaaai3j3gl2klm55g47cjsdltgkjwtooeaepif4hv3rlyojb4twedkfa",
                            "subnet_ids.2975614485": "ocid1.subnet.oc1.phx.aaaaaaaaeftwx7hglm465bujfeyoe5xqsjygnuh2yieombq6lz4mw3pycmla",
                            "subnet_ids.3970311661": "ocid1.subnet.oc1.phx.aaaaaaaald44mivcdi3yc3zaqv2dyne5bhnslq3raqcrkqcigacuaa5lrzxa"
                        },
                        "meta": {
                            "e2bfb730-ecaa-11e6-8f88-34363bc7c4c0": {
                                "create": 1200000000000,
                                "delete": 1200000000000,
                                "update": 1200000000000
                            }
                        },
                        "tainted": false
                    },
                    "deposed": [],
                    "provider": "provider.oci"
                },
                "oci_core_internet_gateway.internet_gateway": {
                    "type": "oci_core_internet_gateway",
                    "depends_on": [
                        "oci_core_virtual_network.virtual_network"
                    ],
                    "primary": {
                        "id": "ocid1.internetgateway.oc1.phx.aaaaaaaax2xk3yoqmhe7ovf47tuay6eaqo4izcrwuye3hfnd5d4inija6mkq",
                        "attributes": {
                            "compartment_id": "ocid1.compartment.oc1..aaaaaaaag4otvjvl3zo6jyzlevoycc5bqtst5uwixlpztaxlovm2fudabqnq",
                            "defined_tags.%": "0",
                            "display_name": "internet_gateway",
                            "enabled": "true",
                            "freeform_tags.%": "0",
                            "id": "ocid1.internetgateway.oc1.phx.aaaaaaaax2xk3yoqmhe7ovf47tuay6eaqo4izcrwuye3hfnd5d4inija6mkq",
                            "state": "AVAILABLE",
                            "time_created": "2019-08-07 05:21:12.133 +0000 UTC",
                            "vcn_id": "ocid1.vcn.oc1.phx.aaaaaaaaq3vc54e37nap3uv3n4gzwxxhwymtodeoi2dtwzbjokiwvcauekzq"
                        },
                        "meta": {
                            "e2bfb730-ecaa-11e6-8f88-34363bc7c4c0": {
                                "create": 900000000000,
                                "delete": 900000000000,
                                "update": 900000000000
                            }
                        },
                        "tainted": false
                    },
                    "deposed": [],
                    "provider": "provider.oci"
                },
                "oci_core_route_table.route_table": {
                    "type": "oci_core_route_table",
                    "depends_on": [
                        "oci_core_internet_gateway.internet_gateway",
                        "oci_core_virtual_network.virtual_network"
                    ],
                    "primary": {
                        "id": "ocid1.routetable.oc1.phx.aaaaaaaax44hrjzpyjwibeshphq4v3dlsukd5w6gmknw5hy5ipc2q7hdqbkq",
                        "attributes": {
                            "compartment_id": "ocid1.compartment.oc1..aaaaaaaag4otvjvl3zo6jyzlevoycc5bqtst5uwixlpztaxlovm2fudabqnq",
                            "defined_tags.%": "0",
                            "display_name": "route_table",
                            "freeform_tags.%": "0",
                            "id": "ocid1.routetable.oc1.phx.aaaaaaaax44hrjzpyjwibeshphq4v3dlsukd5w6gmknw5hy5ipc2q7hdqbkq",
                            "route_rules.#": "1",
                            "route_rules.3517721980.cidr_block": "",
                            "route_rules.3517721980.destination": "0.0.0.0/0",
                            "route_rules.3517721980.destination_type": "CIDR_BLOCK",
                            "route_rules.3517721980.network_entity_id": "ocid1.internetgateway.oc1.phx.aaaaaaaax2xk3yoqmhe7ovf47tuay6eaqo4izcrwuye3hfnd5d4inija6mkq",
                            "state": "AVAILABLE",
                            "time_created": "2019-08-07 05:21:12.6 +0000 UTC",
                            "vcn_id": "ocid1.vcn.oc1.phx.aaaaaaaaq3vc54e37nap3uv3n4gzwxxhwymtodeoi2dtwzbjokiwvcauekzq"
                        },
                        "meta": {
                            "e2bfb730-ecaa-11e6-8f88-34363bc7c4c0": {
                                "create": 900000000000,
                                "delete": 900000000000,
                                "update": 900000000000
                            }
                        },
                        "tainted": false
                    },
                    "deposed": [],
                    "provider": "provider.oci"
                },
                "oci_core_security_list.security_list": {
                    "type": "oci_core_security_list",
                    "depends_on": [
                        "oci_core_virtual_network.virtual_network"
                    ],
                    "primary": {
                        "id": "ocid1.securitylist.oc1.phx.aaaaaaaaz5tp3exfexbfunys2etlfmhqwoe3neb2zpawfxlr43obiqv6xgca",
                        "attributes": {
                            "compartment_id": "ocid1.compartment.oc1..aaaaaaaag4otvjvl3zo6jyzlevoycc5bqtst5uwixlpztaxlovm2fudabqnq",
                            "defined_tags.%": "0",
                            "display_name": "security_list",
                            "egress_security_rules.#": "1",
                            "egress_security_rules.1582479153.destination": "0.0.0.0/0",
                            "egress_security_rules.1582479153.destination_type": "CIDR_BLOCK",
                            "egress_security_rules.1582479153.icmp_options.#": "0",
                            "egress_security_rules.1582479153.protocol": "all",
                            "egress_security_rules.1582479153.stateless": "false",
                            "egress_security_rules.1582479153.tcp_options.#": "0",
                            "egress_security_rules.1582479153.udp_options.#": "0",
                            "freeform_tags.%": "0",
                            "id": "ocid1.securitylist.oc1.phx.aaaaaaaaz5tp3exfexbfunys2etlfmhqwoe3neb2zpawfxlr43obiqv6xgca",
                            "ingress_security_rules.#": "1",
                            "ingress_security_rules.799812519.icmp_options.#": "0",
                            "ingress_security_rules.799812519.protocol": "all",
                            "ingress_security_rules.799812519.source": "0.0.0.0/0",
                            "ingress_security_rules.799812519.source_type": "CIDR_BLOCK",
                            "ingress_security_rules.799812519.stateless": "false",
                            "ingress_security_rules.799812519.tcp_options.#": "0",
                            "ingress_security_rules.799812519.udp_options.#": "0",
                            "state": "AVAILABLE",
                            "time_created": "2019-08-07 05:21:11.563 +0000 UTC",
                            "vcn_id": "ocid1.vcn.oc1.phx.aaaaaaaaq3vc54e37nap3uv3n4gzwxxhwymtodeoi2dtwzbjokiwvcauekzq"
                        },
                        "meta": {
                            "e2bfb730-ecaa-11e6-8f88-34363bc7c4c0": {
                                "create": 900000000000,
                                "delete": 900000000000,
                                "update": 900000000000
                            }
                        },
                        "tainted": false
                    },
                    "deposed": [],
                    "provider": "provider.oci"
                },
                "oci_core_subnet.lbsubnet0": {
                    "type": "oci_core_subnet",
                    "depends_on": [
                        "data.oci_identity_availability_domains.availability_domains",
                        "oci_core_route_table.route_table",
                        "oci_core_security_list.security_list",
                        "oci_core_virtual_network.virtual_network"
                    ],
                    "primary": {
                        "id": "ocid1.subnet.oc1.phx.aaaaaaaachq46wbt334abezzws65eb4usuciyzrjvqxo4qoznfnrisowafyq",
                        "attributes": {
                            "availability_domain": "dvrw:PHX-AD-1",
                            "cidr_block": "10.0.3.0/24",
                            "compartment_id": "ocid1.compartment.oc1..aaaaaaaag4otvjvl3zo6jyzlevoycc5bqtst5uwixlpztaxlovm2fudabqnq",
                            "defined_tags.%": "0",
                            "dhcp_options_id": "ocid1.dhcpoptions.oc1.phx.aaaaaaaaqqhftep2y63xlcngd7xjrspzqxnxgkwoqvwwtelanuvunou2f2iq",
                            "display_name": "lbsubnet0",
                            "dns_label": "lbsubnet0",
                            "freeform_tags.%": "0",
                            "id": "ocid1.subnet.oc1.phx.aaaaaaaachq46wbt334abezzws65eb4usuciyzrjvqxo4qoznfnrisowafyq",
                            "prohibit_public_ip_on_vnic": "false",
                            "route_table_id": "ocid1.routetable.oc1.phx.aaaaaaaax44hrjzpyjwibeshphq4v3dlsukd5w6gmknw5hy5ipc2q7hdqbkq",
                            "security_list_ids.#": "1",
                            "security_list_ids.3616468595": "ocid1.securitylist.oc1.phx.aaaaaaaaz5tp3exfexbfunys2etlfmhqwoe3neb2zpawfxlr43obiqv6xgca",
                            "state": "AVAILABLE",
                            "subnet_domain_name": "lbsubnet0.oke.oraclevcn.com",
                            "time_created": "2019-08-07 05:21:12.984 +0000 UTC",
                            "vcn_id": "ocid1.vcn.oc1.phx.aaaaaaaaq3vc54e37nap3uv3n4gzwxxhwymtodeoi2dtwzbjokiwvcauekzq",
                            "virtual_router_ip": "10.0.3.1",
                            "virtual_router_mac": "00:00:17:12:9B:32"
                        },
                        "meta": {
                            "e2bfb730-ecaa-11e6-8f88-34363bc7c4c0": {
                                "create": 900000000000,
                                "delete": 900000000000,
                                "update": 900000000000
                            }
                        },
                        "tainted": false
                    },
                    "deposed": [],
                    "provider": "provider.oci"
                },
                "oci_core_subnet.lbsubnet1": {
                    "type": "oci_core_subnet",
                    "depends_on": [
                        "data.oci_identity_availability_domains.availability_domains",
                        "oci_core_route_table.route_table",
                        "oci_core_security_list.security_list",
                        "oci_core_virtual_network.virtual_network"
                    ],
                    "primary": {
                        "id": "ocid1.subnet.oc1.phx.aaaaaaaa7r5v23ivdshvgaeeta3koqu4u2jvllzvtrtbfldgrugarhyuajha",
                        "attributes": {
                            "availability_domain": "dvrw:PHX-AD-2",
                            "cidr_block": "10.0.4.0/24",
                            "compartment_id": "ocid1.compartment.oc1..aaaaaaaag4otvjvl3zo6jyzlevoycc5bqtst5uwixlpztaxlovm2fudabqnq",
                            "defined_tags.%": "0",
                            "dhcp_options_id": "ocid1.dhcpoptions.oc1.phx.aaaaaaaaqqhftep2y63xlcngd7xjrspzqxnxgkwoqvwwtelanuvunou2f2iq",
                            "display_name": "lbsubnet1",
                            "dns_label": "lbsubnet1",
                            "freeform_tags.%": "0",
                            "id": "ocid1.subnet.oc1.phx.aaaaaaaa7r5v23ivdshvgaeeta3koqu4u2jvllzvtrtbfldgrugarhyuajha",
                            "prohibit_public_ip_on_vnic": "false",
                            "route_table_id": "ocid1.routetable.oc1.phx.aaaaaaaax44hrjzpyjwibeshphq4v3dlsukd5w6gmknw5hy5ipc2q7hdqbkq",
                            "security_list_ids.#": "1",
                            "security_list_ids.3616468595": "ocid1.securitylist.oc1.phx.aaaaaaaaz5tp3exfexbfunys2etlfmhqwoe3neb2zpawfxlr43obiqv6xgca",
                            "state": "AVAILABLE",
                            "subnet_domain_name": "lbsubnet1.oke.oraclevcn.com",
                            "time_created": "2019-08-07 05:21:13.703 +0000 UTC",
                            "vcn_id": "ocid1.vcn.oc1.phx.aaaaaaaaq3vc54e37nap3uv3n4gzwxxhwymtodeoi2dtwzbjokiwvcauekzq",
                            "virtual_router_ip": "10.0.4.1",
                            "virtual_router_mac": "00:00:17:12:9B:32"
                        },
                        "meta": {
                            "e2bfb730-ecaa-11e6-8f88-34363bc7c4c0": {
                                "create": 900000000000,
                                "delete": 900000000000,
                                "update": 900000000000
                            }
                        },
                        "tainted": false
                    },
                    "deposed": [],
                    "provider": "provider.oci"
                },
                "oci_core_subnet.subnet0": {
                    "type": "oci_core_subnet",
                    "depends_on": [
                        "data.oci_identity_availability_domains.availability_domains",
                        "oci_core_route_table.route_table",
                        "oci_core_security_list.security_list",
                        "oci_core_virtual_network.virtual_network"
                    ],
                    "primary": {
                        "id": "ocid1.subnet.oc1.phx.aaaaaaaai3j3gl2klm55g47cjsdltgkjwtooeaepif4hv3rlyojb4twedkfa",
                        "attributes": {
                            "availability_domain": "dvrw:PHX-AD-1",
                            "cidr_block": "10.0.0.0/24",
                            "compartment_id": "ocid1.compartment.oc1..aaaaaaaag4otvjvl3zo6jyzlevoycc5bqtst5uwixlpztaxlovm2fudabqnq",
                            "defined_tags.%": "0",
                            "dhcp_options_id": "ocid1.dhcpoptions.oc1.phx.aaaaaaaaqqhftep2y63xlcngd7xjrspzqxnxgkwoqvwwtelanuvunou2f2iq",
                            "display_name": "subnet0",
                            "dns_label": "subnet0",
                            "freeform_tags.%": "0",
                            "id": "ocid1.subnet.oc1.phx.aaaaaaaai3j3gl2klm55g47cjsdltgkjwtooeaepif4hv3rlyojb4twedkfa",
                            "prohibit_public_ip_on_vnic": "false",
                            "route_table_id": "ocid1.routetable.oc1.phx.aaaaaaaax44hrjzpyjwibeshphq4v3dlsukd5w6gmknw5hy5ipc2q7hdqbkq",
                            "security_list_ids.#": "1",
                            "security_list_ids.3616468595": "ocid1.securitylist.oc1.phx.aaaaaaaaz5tp3exfexbfunys2etlfmhqwoe3neb2zpawfxlr43obiqv6xgca",
                            "state": "AVAILABLE",
                            "subnet_domain_name": "subnet0.oke.oraclevcn.com",
                            "time_created": "2019-08-07 05:21:13.446 +0000 UTC",
                            "vcn_id": "ocid1.vcn.oc1.phx.aaaaaaaaq3vc54e37nap3uv3n4gzwxxhwymtodeoi2dtwzbjokiwvcauekzq",
                            "virtual_router_ip": "10.0.0.1",
                            "virtual_router_mac": "00:00:17:12:9B:32"
                        },
                        "meta": {
                            "e2bfb730-ecaa-11e6-8f88-34363bc7c4c0": {
                                "create": 900000000000,
                                "delete": 900000000000,
                                "update": 900000000000
                            }
                        },
                        "tainted": false
                    },
                    "deposed": [],
                    "provider": "provider.oci"
                },
                "oci_core_subnet.subnet1": {
                    "type": "oci_core_subnet",
                    "depends_on": [
                        "data.oci_identity_availability_domains.availability_domains",
                        "oci_core_route_table.route_table",
                        "oci_core_security_list.security_list",
                        "oci_core_virtual_network.virtual_network"
                    ],
                    "primary": {
                        "id": "ocid1.subnet.oc1.phx.aaaaaaaald44mivcdi3yc3zaqv2dyne5bhnslq3raqcrkqcigacuaa5lrzxa",
                        "attributes": {
                            "availability_domain": "dvrw:PHX-AD-2",
                            "cidr_block": "10.0.1.0/24",
                            "compartment_id": "ocid1.compartment.oc1..aaaaaaaag4otvjvl3zo6jyzlevoycc5bqtst5uwixlpztaxlovm2fudabqnq",
                            "defined_tags.%": "0",
                            "dhcp_options_id": "ocid1.dhcpoptions.oc1.phx.aaaaaaaaqqhftep2y63xlcngd7xjrspzqxnxgkwoqvwwtelanuvunou2f2iq",
                            "display_name": "subnet1",
                            "dns_label": "subnet1",
                            "freeform_tags.%": "0",
                            "id": "ocid1.subnet.oc1.phx.aaaaaaaald44mivcdi3yc3zaqv2dyne5bhnslq3raqcrkqcigacuaa5lrzxa",
                            "prohibit_public_ip_on_vnic": "false",
                            "route_table_id": "ocid1.routetable.oc1.phx.aaaaaaaax44hrjzpyjwibeshphq4v3dlsukd5w6gmknw5hy5ipc2q7hdqbkq",
                            "security_list_ids.#": "1",
                            "security_list_ids.3616468595": "ocid1.securitylist.oc1.phx.aaaaaaaaz5tp3exfexbfunys2etlfmhqwoe3neb2zpawfxlr43obiqv6xgca",
                            "state": "AVAILABLE",
                            "subnet_domain_name": "subnet1.oke.oraclevcn.com",
                            "time_created": "2019-08-07 05:21:13.182 +0000 UTC",
                            "vcn_id": "ocid1.vcn.oc1.phx.aaaaaaaaq3vc54e37nap3uv3n4gzwxxhwymtodeoi2dtwzbjokiwvcauekzq",
                            "virtual_router_ip": "10.0.1.1",
                            "virtual_router_mac": "00:00:17:12:9B:32"
                        },
                        "meta": {
                            "e2bfb730-ecaa-11e6-8f88-34363bc7c4c0": {
                                "create": 900000000000,
                                "delete": 900000000000,
                                "update": 900000000000
                            }
                        },
                        "tainted": false
                    },
                    "deposed": [],
                    "provider": "provider.oci"
                },
                "oci_core_subnet.subnet2": {
                    "type": "oci_core_subnet",
                    "depends_on": [
                        "data.oci_identity_availability_domains.availability_domains",
                        "oci_core_route_table.route_table",
                        "oci_core_security_list.security_list",
                        "oci_core_virtual_network.virtual_network"
                    ],
                    "primary": {
                        "id": "ocid1.subnet.oc1.phx.aaaaaaaaeftwx7hglm465bujfeyoe5xqsjygnuh2yieombq6lz4mw3pycmla",
                        "attributes": {
                            "availability_domain": "dvrw:PHX-AD-3",
                            "cidr_block": "10.0.2.0/24",
                            "compartment_id": "ocid1.compartment.oc1..aaaaaaaag4otvjvl3zo6jyzlevoycc5bqtst5uwixlpztaxlovm2fudabqnq",
                            "defined_tags.%": "0",
                            "dhcp_options_id": "ocid1.dhcpoptions.oc1.phx.aaaaaaaaqqhftep2y63xlcngd7xjrspzqxnxgkwoqvwwtelanuvunou2f2iq",
                            "display_name": "subnet2",
                            "dns_label": "subnet2",
                            "freeform_tags.%": "0",
                            "id": "ocid1.subnet.oc1.phx.aaaaaaaaeftwx7hglm465bujfeyoe5xqsjygnuh2yieombq6lz4mw3pycmla",
                            "prohibit_public_ip_on_vnic": "false",
                            "route_table_id": "ocid1.routetable.oc1.phx.aaaaaaaax44hrjzpyjwibeshphq4v3dlsukd5w6gmknw5hy5ipc2q7hdqbkq",
                            "security_list_ids.#": "1",
                            "security_list_ids.3616468595": "ocid1.securitylist.oc1.phx.aaaaaaaaz5tp3exfexbfunys2etlfmhqwoe3neb2zpawfxlr43obiqv6xgca",
                            "state": "AVAILABLE",
                            "subnet_domain_name": "subnet2.oke.oraclevcn.com",
                            "time_created": "2019-08-07 05:21:13.938 +0000 UTC",
                            "vcn_id": "ocid1.vcn.oc1.phx.aaaaaaaaq3vc54e37nap3uv3n4gzwxxhwymtodeoi2dtwzbjokiwvcauekzq",
                            "virtual_router_ip": "10.0.2.1",
                            "virtual_router_mac": "00:00:17:12:9B:32"
                        },
                        "meta": {
                            "e2bfb730-ecaa-11e6-8f88-34363bc7c4c0": {
                                "create": 900000000000,
                                "delete": 900000000000,
                                "update": 900000000000
                            }
                        },
                        "tainted": false
                    },
                    "deposed": [],
                    "provider": "provider.oci"
                },
                "oci_core_virtual_network.virtual_network": {
                    "type": "oci_core_virtual_network",
                    "depends_on": [],
                    "primary": {
                        "id": "ocid1.vcn.oc1.phx.aaaaaaaaq3vc54e37nap3uv3n4gzwxxhwymtodeoi2dtwzbjokiwvcauekzq",
                        "attributes": {
                            "cidr_block": "10.0.0.0/16",
                            "compartment_id": "ocid1.compartment.oc1..aaaaaaaag4otvjvl3zo6jyzlevoycc5bqtst5uwixlpztaxlovm2fudabqnq",
                            "default_dhcp_options_id": "ocid1.dhcpoptions.oc1.phx.aaaaaaaaqqhftep2y63xlcngd7xjrspzqxnxgkwoqvwwtelanuvunou2f2iq",
                            "default_route_table_id": "ocid1.routetable.oc1.phx.aaaaaaaaggp74a6jmvdioxqltmaijww5fgrnn6hs76436gbznlqfh2l4xira",
                            "default_security_list_id": "ocid1.securitylist.oc1.phx.aaaaaaaanvs2yhcbtw2ibb5zuxv2xfpddcd3w6xsxrfuw3ylb7fn3nj6ul3a",
                            "defined_tags.%": "0",
                            "display_name": "vcn",
                            "dns_label": "oke",
                            "freeform_tags.%": "0",
                            "id": "ocid1.vcn.oc1.phx.aaaaaaaaq3vc54e37nap3uv3n4gzwxxhwymtodeoi2dtwzbjokiwvcauekzq",
                            "state": "AVAILABLE",
                            "time_created": "2019-08-07 05:21:11.021 +0000 UTC",
                            "vcn_domain_name": "oke.oraclevcn.com"
                        },
                        "meta": {
                            "e2bfb730-ecaa-11e6-8f88-34363bc7c4c0": {
                                "create": 900000000000,
                                "delete": 900000000000,
                                "update": 900000000000
                            }
                        },
                        "tainted": false
                    },
                    "deposed": [],
                    "provider": "provider.oci"
                }
            },
            "depends_on": []
        }
    ]
}
